// !$*UTF8*$!
{
	archiveVersion = 1;
	classes = {
	};
	objectVersion = 46;
	objects = {

/* Begin PBXBuildFile section */
		6D77C88BECEB088953BB5F71 /* Pods_consent_trial_1.framework in Frameworks */ = {isa = PBXBuildFile; fileRef = EF41698F89DC782A01EC3222 /* Pods_consent_trial_1.framework */; };
		F11570901E29B941005EB6A9 /* AppDelegate.swift in Sources */ = {isa = PBXBuildFile; fileRef = F115708F1E29B941005EB6A9 /* AppDelegate.swift */; };
		F11570921E29B941005EB6A9 /* ViewController.swift in Sources */ = {isa = PBXBuildFile; fileRef = F11570911E29B941005EB6A9 /* ViewController.swift */; };
		F11570951E29B941005EB6A9 /* Main.storyboard in Resources */ = {isa = PBXBuildFile; fileRef = F11570931E29B941005EB6A9 /* Main.storyboard */; };
		F11570971E29B941005EB6A9 /* Assets.xcassets in Resources */ = {isa = PBXBuildFile; fileRef = F11570961E29B941005EB6A9 /* Assets.xcassets */; };
		F115709A1E29B941005EB6A9 /* LaunchScreen.storyboard in Resources */ = {isa = PBXBuildFile; fileRef = F11570981E29B941005EB6A9 /* LaunchScreen.storyboard */; };
		F11570A21E29BC61005EB6A9 /* ConsentDocument.swift in Sources */ = {isa = PBXBuildFile; fileRef = F11570A11E29BC61005EB6A9 /* ConsentDocument.swift */; };
		F11570AE1E29F22C005EB6A9 /* signature.jpg in Resources */ = {isa = PBXBuildFile; fileRef = F11570AD1E29F22C005EB6A9 /* signature.jpg */; };
		F116DC9B1E2EBBAF0064BDAC /* LOGINStepGenerator.swift in Sources */ = {isa = PBXBuildFile; fileRef = F116DC9A1E2EBBAF0064BDAC /* LOGINStepGenerator.swift */; };
		F116DC9D1E2EC39C0064BDAC /* LOGINTask.json in Resources */ = {isa = PBXBuildFile; fileRef = F116DC9C1E2EC39C0064BDAC /* LOGINTask.json */; };
		F116DC9F1E2F08C10064BDAC /* CONSENTTask.json in Resources */ = {isa = PBXBuildFile; fileRef = F116DC9E1E2F08C10064BDAC /* CONSENTTask.json */; };
		F116DCA11E2F0AC30064BDAC /* VISUALCONSENTStepGenerator.swift in Sources */ = {isa = PBXBuildFile; fileRef = F116DCA01E2F0AC30064BDAC /* VISUALCONSENTStepGenerator.swift */; };
		F116DCA31E2F0AED0064BDAC /* CONSENTREVIEWStepGenerator.swift in Sources */ = {isa = PBXBuildFile; fileRef = F116DCA21E2F0AED0064BDAC /* CONSENTREVIEWStepGenerator.swift */; };
		F12103191E371CAA00FC61AC /* ConsentSample.swift in Sources */ = {isa = PBXBuildFile; fileRef = F12103181E371CAA00FC61AC /* ConsentSample.swift */; };
		F18701D11E30048C0097251A /* OhmageManager.swift in Sources */ = {isa = PBXBuildFile; fileRef = F18701D01E30048C0097251A /* OhmageManager.swift */; };
		F18701D31E3004E30097251A /* OMHClient.plist in Resources */ = {isa = PBXBuildFile; fileRef = F18701D21E3004E30097251A /* OMHClient.plist */; };
		F18701D51E3005D80097251A /* LogManager.swift in Sources */ = {isa = PBXBuildFile; fileRef = F18701D41E3005D80097251A /* LogManager.swift */; };
		F18701D71E3012A90097251A /* PAMTask2.json in Resources */ = {isa = PBXBuildFile; fileRef = F18701D61E3012A90097251A /* PAMTask2.json */; };
		F18701D91E30145D0097251A /* PAMDataPoint.swift in Sources */ = {isa = PBXBuildFile; fileRef = F18701D81E30145D0097251A /* PAMDataPoint.swift */; };
/* End PBXBuildFile section */

/* Begin PBXFileReference section */
		0972AFA48E787AE6C0B1A326 /* Pods-consent_trial_1.release.xcconfig */ = {isa = PBXFileReference; includeInIndex = 1; lastKnownFileType = text.xcconfig; name = "Pods-consent_trial_1.release.xcconfig"; path = "Pods/Target Support Files/Pods-consent_trial_1/Pods-consent_trial_1.release.xcconfig"; sourceTree = "<group>"; };
		DCB6079CCFED958767FA5D50 /* Pods-consent_trial_1.debug.xcconfig */ = {isa = PBXFileReference; includeInIndex = 1; lastKnownFileType = text.xcconfig; name = "Pods-consent_trial_1.debug.xcconfig"; path = "Pods/Target Support Files/Pods-consent_trial_1/Pods-consent_trial_1.debug.xcconfig"; sourceTree = "<group>"; };
		EF41698F89DC782A01EC3222 /* Pods_consent_trial_1.framework */ = {isa = PBXFileReference; explicitFileType = wrapper.framework; includeInIndex = 0; path = Pods_consent_trial_1.framework; sourceTree = BUILT_PRODUCTS_DIR; };
		F115708C1E29B941005EB6A9 /* consent_trial_1.app */ = {isa = PBXFileReference; explicitFileType = wrapper.application; includeInIndex = 0; path = consent_trial_1.app; sourceTree = BUILT_PRODUCTS_DIR; };
		F115708F1E29B941005EB6A9 /* AppDelegate.swift */ = {isa = PBXFileReference; lastKnownFileType = sourcecode.swift; path = AppDelegate.swift; sourceTree = "<group>"; };
		F11570911E29B941005EB6A9 /* ViewController.swift */ = {isa = PBXFileReference; lastKnownFileType = sourcecode.swift; path = ViewController.swift; sourceTree = "<group>"; };
		F11570941E29B941005EB6A9 /* Base */ = {isa = PBXFileReference; lastKnownFileType = file.storyboard; name = Base; path = Base.lproj/Main.storyboard; sourceTree = "<group>"; };
		F11570961E29B941005EB6A9 /* Assets.xcassets */ = {isa = PBXFileReference; lastKnownFileType = folder.assetcatalog; path = Assets.xcassets; sourceTree = "<group>"; };
		F11570991E29B941005EB6A9 /* Base */ = {isa = PBXFileReference; lastKnownFileType = file.storyboard; name = Base; path = Base.lproj/LaunchScreen.storyboard; sourceTree = "<group>"; };
		F115709B1E29B941005EB6A9 /* Info.plist */ = {isa = PBXFileReference; lastKnownFileType = text.plist.xml; path = Info.plist; sourceTree = "<group>"; };
		F11570A11E29BC61005EB6A9 /* ConsentDocument.swift */ = {isa = PBXFileReference; fileEncoding = 4; lastKnownFileType = sourcecode.swift; path = ConsentDocument.swift; sourceTree = "<group>"; };
		F11570AD1E29F22C005EB6A9 /* signature.jpg */ = {isa = PBXFileReference; lastKnownFileType = image.jpeg; name = signature.jpg; path = Assets.xcassets/AppIcon.appiconset/signature.jpg; sourceTree = "<group>"; };
		F116DC9A1E2EBBAF0064BDAC /* LOGINStepGenerator.swift */ = {isa = PBXFileReference; fileEncoding = 4; lastKnownFileType = sourcecode.swift; path = LOGINStepGenerator.swift; sourceTree = "<group>"; };
		F116DC9C1E2EC39C0064BDAC /* LOGINTask.json */ = {isa = PBXFileReference; fileEncoding = 4; lastKnownFileType = text.json; path = LOGINTask.json; sourceTree = "<group>"; };
		F116DC9E1E2F08C10064BDAC /* CONSENTTask.json */ = {isa = PBXFileReference; fileEncoding = 4; lastKnownFileType = text.json; path = CONSENTTask.json; sourceTree = "<group>"; };
		F116DCA01E2F0AC30064BDAC /* VISUALCONSENTStepGenerator.swift */ = {isa = PBXFileReference; fileEncoding = 4; lastKnownFileType = sourcecode.swift; path = VISUALCONSENTStepGenerator.swift; sourceTree = "<group>"; };
		F116DCA21E2F0AED0064BDAC /* CONSENTREVIEWStepGenerator.swift */ = {isa = PBXFileReference; fileEncoding = 4; lastKnownFileType = sourcecode.swift; path = CONSENTREVIEWStepGenerator.swift; sourceTree = "<group>"; };
		F12103181E371CAA00FC61AC /* ConsentSample.swift */ = {isa = PBXFileReference; fileEncoding = 4; lastKnownFileType = sourcecode.swift; path = ConsentSample.swift; sourceTree = "<group>"; };
		F18701D01E30048C0097251A /* OhmageManager.swift */ = {isa = PBXFileReference; fileEncoding = 4; lastKnownFileType = sourcecode.swift; path = OhmageManager.swift; sourceTree = "<group>"; };
		F18701D21E3004E30097251A /* OMHClient.plist */ = {isa = PBXFileReference; fileEncoding = 4; lastKnownFileType = text.plist.xml; path = OMHClient.plist; sourceTree = "<group>"; };
		F18701D41E3005D80097251A /* LogManager.swift */ = {isa = PBXFileReference; fileEncoding = 4; lastKnownFileType = sourcecode.swift; path = LogManager.swift; sourceTree = "<group>"; };
		F18701D61E3012A90097251A /* PAMTask2.json */ = {isa = PBXFileReference; fileEncoding = 4; lastKnownFileType = text.json; path = PAMTask2.json; sourceTree = "<group>"; };
		F18701D81E30145D0097251A /* PAMDataPoint.swift */ = {isa = PBXFileReference; fileEncoding = 4; lastKnownFileType = sourcecode.swift; path = PAMDataPoint.swift; sourceTree = "<group>"; };
/* End PBXFileReference section */

/* Begin PBXFrameworksBuildPhase section */
		F11570891E29B941005EB6A9 /* Frameworks */ = {
			isa = PBXFrameworksBuildPhase;
			buildActionMask = 2147483647;
			files = (
				6D77C88BECEB088953BB5F71 /* Pods_consent_trial_1.framework in Frameworks */,
			);
			runOnlyForDeploymentPostprocessing = 0;
		};
/* End PBXFrameworksBuildPhase section */

/* Begin PBXGroup section */
		0D285AE72FE96158F782368D /* Frameworks */ = {
			isa = PBXGroup;
			children = (
				EF41698F89DC782A01EC3222 /* Pods_consent_trial_1.framework */,
			);
			name = Frameworks;
			sourceTree = "<group>";
		};
		1B3F647A8BBDB3E273C9D9BA /* Pods */ = {
			isa = PBXGroup;
			children = (
				DCB6079CCFED958767FA5D50 /* Pods-consent_trial_1.debug.xcconfig */,
				0972AFA48E787AE6C0B1A326 /* Pods-consent_trial_1.release.xcconfig */,
			);
			name = Pods;
			sourceTree = "<group>";
		};
		F11570831E29B941005EB6A9 = {
			isa = PBXGroup;
			children = (
				F115708E1E29B941005EB6A9 /* consent_trial_1 */,
				F115708D1E29B941005EB6A9 /* Products */,
				1B3F647A8BBDB3E273C9D9BA /* Pods */,
				0D285AE72FE96158F782368D /* Frameworks */,
			);
			sourceTree = "<group>";
		};
		F115708D1E29B941005EB6A9 /* Products */ = {
			isa = PBXGroup;
			children = (
				F115708C1E29B941005EB6A9 /* consent_trial_1.app */,
			);
			name = Products;
			sourceTree = "<group>";
		};
		F115708E1E29B941005EB6A9 /* consent_trial_1 */ = {
			isa = PBXGroup;
			children = (
				F11570AD1E29F22C005EB6A9 /* signature.jpg */,
				F115708F1E29B941005EB6A9 /* AppDelegate.swift */,
				F11570911E29B941005EB6A9 /* ViewController.swift */,
				F11570931E29B941005EB6A9 /* Main.storyboard */,
				F11570961E29B941005EB6A9 /* Assets.xcassets */,
				F11570981E29B941005EB6A9 /* LaunchScreen.storyboard */,
				F115709B1E29B941005EB6A9 /* Info.plist */,
				F11570A11E29BC61005EB6A9 /* ConsentDocument.swift */,
				F116DC9A1E2EBBAF0064BDAC /* LOGINStepGenerator.swift */,
				F116DC9C1E2EC39C0064BDAC /* LOGINTask.json */,
				F116DC9E1E2F08C10064BDAC /* CONSENTTask.json */,
				F116DCA01E2F0AC30064BDAC /* VISUALCONSENTStepGenerator.swift */,
				F116DCA21E2F0AED0064BDAC /* CONSENTREVIEWStepGenerator.swift */,
				F18701D01E30048C0097251A /* OhmageManager.swift */,
				F18701D21E3004E30097251A /* OMHClient.plist */,
				F18701D41E3005D80097251A /* LogManager.swift */,
				F18701D61E3012A90097251A /* PAMTask2.json */,
				F18701D81E30145D0097251A /* PAMDataPoint.swift */,
				F12103181E371CAA00FC61AC /* ConsentSample.swift */,
			);
			path = consent_trial_1;
			sourceTree = "<group>";
		};
/* End PBXGroup section */

/* Begin PBXNativeTarget section */
		F115708B1E29B941005EB6A9 /* consent_trial_1 */ = {
			isa = PBXNativeTarget;
			buildConfigurationList = F115709E1E29B941005EB6A9 /* Build configuration list for PBXNativeTarget "consent_trial_1" */;
			buildPhases = (
				3010FBEABB2BEA3178C5A06C /* [CP] Check Pods Manifest.lock */,
				F11570881E29B941005EB6A9 /* Sources */,
				F11570891E29B941005EB6A9 /* Frameworks */,
				F115708A1E29B941005EB6A9 /* Resources */,
				608C7256DD29BDE0B71F0234 /* [CP] Embed Pods Frameworks */,
				6548DE3874CDD9AED22FA1D8 /* [CP] Copy Pods Resources */,
			);
			buildRules = (
			);
			dependencies = (
			);
			name = consent_trial_1;
			productName = consent_trial_1;
			productReference = F115708C1E29B941005EB6A9 /* consent_trial_1.app */;
			productType = "com.apple.product-type.application";
		};
/* End PBXNativeTarget section */

/* Begin PBXProject section */
		F11570841E29B941005EB6A9 /* Project object */ = {
			isa = PBXProject;
			attributes = {
				LastSwiftUpdateCheck = 0820;
				LastUpgradeCheck = 0820;
				ORGANIZATIONNAME = "LIU ZEXI";
				TargetAttributes = {
					F115708B1E29B941005EB6A9 = {
						CreatedOnToolsVersion = 8.2.1;
						ProvisioningStyle = Automatic;
					};
				};
			};
			buildConfigurationList = F11570871E29B941005EB6A9 /* Build configuration list for PBXProject "consent_trial_1" */;
			compatibilityVersion = "Xcode 3.2";
			developmentRegion = English;
			hasScannedForEncodings = 0;
			knownRegions = (
				en,
				Base,
			);
			mainGroup = F11570831E29B941005EB6A9;
			productRefGroup = F115708D1E29B941005EB6A9 /* Products */;
			projectDirPath = "";
			projectRoot = "";
			targets = (
				F115708B1E29B941005EB6A9 /* consent_trial_1 */,
			);
		};
/* End PBXProject section */

/* Begin PBXResourcesBuildPhase section */
		F115708A1E29B941005EB6A9 /* Resources */ = {
			isa = PBXResourcesBuildPhase;
			buildActionMask = 2147483647;
			files = (
				F115709A1E29B941005EB6A9 /* LaunchScreen.storyboard in Resources */,
				F116DC9D1E2EC39C0064BDAC /* LOGINTask.json in Resources */,
				F11570AE1E29F22C005EB6A9 /* signature.jpg in Resources */,
				F18701D31E3004E30097251A /* OMHClient.plist in Resources */,
				F116DC9F1E2F08C10064BDAC /* CONSENTTask.json in Resources */,
				F18701D71E3012A90097251A /* PAMTask2.json in Resources */,
				F11570971E29B941005EB6A9 /* Assets.xcassets in Resources */,
				F11570951E29B941005EB6A9 /* Main.storyboard in Resources */,
			);
			runOnlyForDeploymentPostprocessing = 0;
		};
/* End PBXResourcesBuildPhase section */

/* Begin PBXShellScriptBuildPhase section */
		3010FBEABB2BEA3178C5A06C /* [CP] Check Pods Manifest.lock */ = {
			isa = PBXShellScriptBuildPhase;
			buildActionMask = 2147483647;
			files = (
			);
			inputPaths = (
			);
			name = "[CP] Check Pods Manifest.lock";
			outputPaths = (
			);
			runOnlyForDeploymentPostprocessing = 0;
			shellPath = /bin/sh;
			shellScript = "diff \"${PODS_ROOT}/../Podfile.lock\" \"${PODS_ROOT}/Manifest.lock\" > /dev/null\nif [ $? != 0 ] ; then\n    # print error to STDERR\n    echo \"error: The sandbox is not in sync with the Podfile.lock. Run 'pod install' or update your CocoaPods installation.\" >&2\n    exit 1\nfi\n";
			showEnvVarsInLog = 0;
		};
		608C7256DD29BDE0B71F0234 /* [CP] Embed Pods Frameworks */ = {
			isa = PBXShellScriptBuildPhase;
			buildActionMask = 2147483647;
			files = (
			);
			inputPaths = (
			);
			name = "[CP] Embed Pods Frameworks";
			outputPaths = (
			);
			runOnlyForDeploymentPostprocessing = 0;
			shellPath = /bin/sh;
			shellScript = "\"${SRCROOT}/Pods/Target Support Files/Pods-consent_trial_1/Pods-consent_trial_1-frameworks.sh\"\n";
			showEnvVarsInLog = 0;
		};
		6548DE3874CDD9AED22FA1D8 /* [CP] Copy Pods Resources */ = {
			isa = PBXShellScriptBuildPhase;
			buildActionMask = 2147483647;
			files = (
			);
			inputPaths = (
			);
			name = "[CP] Copy Pods Resources";
			outputPaths = (
			);
			runOnlyForDeploymentPostprocessing = 0;
			shellPath = /bin/sh;
			shellScript = "\"${SRCROOT}/Pods/Target Support Files/Pods-consent_trial_1/Pods-consent_trial_1-resources.sh\"\n";
			showEnvVarsInLog = 0;
		};
/* End PBXShellScriptBuildPhase section */

/* Begin PBXSourcesBuildPhase section */
		F11570881E29B941005EB6A9 /* Sources */ = {
			isa = PBXSourcesBuildPhase;
			buildActionMask = 2147483647;
			files = (
				F12103191E371CAA00FC61AC /* ConsentSample.swift in Sources */,
				F18701D51E3005D80097251A /* LogManager.swift in Sources */,
				F11570921E29B941005EB6A9 /* ViewController.swift in Sources */,
				F116DCA11E2F0AC30064BDAC /* VISUALCONSENTStepGenerator.swift in Sources */,
				F116DCA31E2F0AED0064BDAC /* CONSENTREVIEWStepGenerator.swift in Sources */,
				F18701D11E30048C0097251A /* OhmageManager.swift in Sources */,
				F11570A21E29BC61005EB6A9 /* ConsentDocument.swift in Sources */,
				F11570901E29B941005EB6A9 /* AppDelegate.swift in Sources */,
				F18701D91E30145D0097251A /* PAMDataPoint.swift in Sources */,
				F116DC9B1E2EBBAF0064BDAC /* LOGINStepGenerator.swift in Sources */,
			);
			runOnlyForDeploymentPostprocessing = 0;
		};
/* End PBXSourcesBuildPhase section */

/* Begin PBXVariantGroup section */
		F11570931E29B941005EB6A9 /* Main.storyboard */ = {
			isa = PBXVariantGroup;
			children = (
				F11570941E29B941005EB6A9 /* Base */,
			);
			name = Main.storyboard;
			sourceTree = "<group>";
		};
		F11570981E29B941005EB6A9 /* LaunchScreen.storyboard */ = {
			isa = PBXVariantGroup;
			children = (
				F11570991E29B941005EB6A9 /* Base */,
			);
			name = LaunchScreen.storyboard;
			sourceTree = "<group>";
		};
/* End PBXVariantGroup section */

/* Begin XCBuildConfiguration section */
		F115709C1E29B941005EB6A9 /* Debug */ = {
			isa = XCBuildConfiguration;
			buildSettings = {
				ALWAYS_SEARCH_USER_PATHS = NO;
				CLANG_ANALYZER_NONNULL = YES;
				CLANG_CXX_LANGUAGE_STANDARD = "gnu++0x";
				CLANG_CXX_LIBRARY = "libc++";
				CLANG_ENABLE_MODULES = YES;
				CLANG_ENABLE_OBJC_ARC = YES;
				CLANG_WARN_BOOL_CONVERSION = YES;
				CLANG_WARN_CONSTANT_CONVERSION = YES;
				CLANG_WARN_DIRECT_OBJC_ISA_USAGE = YES_ERROR;
				CLANG_WARN_DOCUMENTATION_COMMENTS = YES;
				CLANG_WARN_EMPTY_BODY = YES;
				CLANG_WARN_ENUM_CONVERSION = YES;
				CLANG_WARN_INFINITE_RECURSION = YES;
				CLANG_WARN_INT_CONVERSION = YES;
				CLANG_WARN_OBJC_ROOT_CLASS = YES_ERROR;
				CLANG_WARN_SUSPICIOUS_MOVE = YES;
				CLANG_WARN_UNREACHABLE_CODE = YES;
				CLANG_WARN__DUPLICATE_METHOD_MATCH = YES;
				"CODE_SIGN_IDENTITY[sdk=iphoneos*]" = "iPhone Developer";
				COPY_PHASE_STRIP = NO;
				DEBUG_INFORMATION_FORMAT = dwarf;
				ENABLE_STRICT_OBJC_MSGSEND = YES;
				ENABLE_TESTABILITY = YES;
				GCC_C_LANGUAGE_STANDARD = gnu99;
				GCC_DYNAMIC_NO_PIC = NO;
				GCC_NO_COMMON_BLOCKS = YES;
				GCC_OPTIMIZATION_LEVEL = 0;
				GCC_PREPROCESSOR_DEFINITIONS = (
					"DEBUG=1",
					"$(inherited)",
				);
				GCC_WARN_64_TO_32_BIT_CONVERSION = YES;
				GCC_WARN_ABOUT_RETURN_TYPE = YES_ERROR;
				GCC_WARN_UNDECLARED_SELECTOR = YES;
				GCC_WARN_UNINITIALIZED_AUTOS = YES_AGGRESSIVE;
				GCC_WARN_UNUSED_FUNCTION = YES;
				GCC_WARN_UNUSED_VARIABLE = YES;
				IPHONEOS_DEPLOYMENT_TARGET = 10.2;
				MTL_ENABLE_DEBUG_INFO = YES;
				ONLY_ACTIVE_ARCH = YES;
				SDKROOT = iphoneos;
				SWIFT_ACTIVE_COMPILATION_CONDITIONS = DEBUG;
				SWIFT_OPTIMIZATION_LEVEL = "-Onone";
				TARGETED_DEVICE_FAMILY = "1,2";
			};
			name = Debug;
		};
		F115709D1E29B941005EB6A9 /* Release */ = {
			isa = XCBuildConfiguration;
			buildSettings = {
				ALWAYS_SEARCH_USER_PATHS = NO;
				CLANG_ANALYZER_NONNULL = YES;
				CLANG_CXX_LANGUAGE_STANDARD = "gnu++0x";
				CLANG_CXX_LIBRARY = "libc++";
				CLANG_ENABLE_MODULES = YES;
				CLANG_ENABLE_OBJC_ARC = YES;
				CLANG_WARN_BOOL_CONVERSION = YES;
				CLANG_WARN_CONSTANT_CONVERSION = YES;
				CLANG_WARN_DIRECT_OBJC_ISA_USAGE = YES_ERROR;
				CLANG_WARN_DOCUMENTATION_COMMENTS = YES;
				CLANG_WARN_EMPTY_BODY = YES;
				CLANG_WARN_ENUM_CONVERSION = YES;
				CLANG_WARN_INFINITE_RECURSION = YES;
				CLANG_WARN_INT_CONVERSION = YES;
				CLANG_WARN_OBJC_ROOT_CLASS = YES_ERROR;
				CLANG_WARN_SUSPICIOUS_MOVE = YES;
				CLANG_WARN_UNREACHABLE_CODE = YES;
				CLANG_WARN__DUPLICATE_METHOD_MATCH = YES;
				"CODE_SIGN_IDENTITY[sdk=iphoneos*]" = "iPhone Developer";
				COPY_PHASE_STRIP = NO;
				DEBUG_INFORMATION_FORMAT = "dwarf-with-dsym";
				ENABLE_NS_ASSERTIONS = NO;
				ENABLE_STRICT_OBJC_MSGSEND = YES;
				GCC_C_LANGUAGE_STANDARD = gnu99;
				GCC_NO_COMMON_BLOCKS = YES;
				GCC_WARN_64_TO_32_BIT_CONVERSION = YES;
				GCC_WARN_ABOUT_RETURN_TYPE = YES_ERROR;
				GCC_WARN_UNDECLARED_SELECTOR = YES;
				GCC_WARN_UNINITIALIZED_AUTOS = YES_AGGRESSIVE;
				GCC_WARN_UNUSED_FUNCTION = YES;
				GCC_WARN_UNUSED_VARIABLE = YES;
				IPHONEOS_DEPLOYMENT_TARGET = 10.2;
				MTL_ENABLE_DEBUG_INFO = NO;
				SDKROOT = iphoneos;
				SWIFT_OPTIMIZATION_LEVEL = "-Owholemodule";
				TARGETED_DEVICE_FAMILY = "1,2";
				VALIDATE_PRODUCT = YES;
			};
			name = Release;
		};
		F115709F1E29B941005EB6A9 /* Debug */ = {
			isa = XCBuildConfiguration;
			baseConfigurationReference = DCB6079CCFED958767FA5D50 /* Pods-consent_trial_1.debug.xcconfig */;
			buildSettings = {
				ASSETCATALOG_COMPILER_APPICON_NAME = AppIcon;
				INFOPLIST_FILE = consent_trial_1/Info.plist;
				LD_RUNPATH_SEARCH_PATHS = "$(inherited) @executable_path/Frameworks";
				PRODUCT_BUNDLE_IDENTIFIER = "winternship.consent-trial-1";
				PRODUCT_NAME = "$(TARGET_NAME)";
				SWIFT_VERSION = 3.0;
			};
			name = Debug;
		};
		F11570A01E29B941005EB6A9 /* Release */ = {
			isa = XCBuildConfiguration;
			baseConfigurationReference = 0972AFA48E787AE6C0B1A326 /* Pods-consent_trial_1.release.xcconfig */;
			buildSettings = {
				ASSETCATALOG_COMPILER_APPICON_NAME = AppIcon;
				INFOPLIST_FILE = consent_trial_1/Info.plist;
				LD_RUNPATH_SEARCH_PATHS = "$(inherited) @executable_path/Frameworks";
				PRODUCT_BUNDLE_IDENTIFIER = "winternship.consent-trial-1";
				PRODUCT_NAME = "$(TARGET_NAME)";
				SWIFT_VERSION = 3.0;
			};
			name = Release;
		};
/* End XCBuildConfiguration section */

/* Begin XCConfigurationList section */
		F11570871E29B941005EB6A9 /* Build configuration list for PBXProject "consent_trial_1" */ = {
			isa = XCConfigurationList;
			buildConfigurations = (
				F115709C1E29B941005EB6A9 /* Debug */,
				F115709D1E29B941005EB6A9 /* Release */,
			);
			defaultConfigurationIsVisible = 0;
			defaultConfigurationName = Release;
		};
		F115709E1E29B941005EB6A9 /* Build configuration list for PBXNativeTarget "consent_trial_1" */ = {
			isa = XCConfigurationList;
			buildConfigurations = (
				F115709F1E29B941005EB6A9 /* Debug */,
				F11570A01E29B941005EB6A9 /* Release */,
			);
			defaultConfigurationIsVisible = 0;
			defaultConfigurationName = Release;
		};
/* End XCConfigurationList section */
	};
	rootObject = F11570841E29B941005EB6A9 /* Project object */;
}
